// !$*UTF8*$!
{
	archiveVersion = 1;
	classes = {
	};
	objectVersion = 50;
	objects = {

/* Begin PBXBuildFile section */
		700542632410DD0D003928CB /* AppDelegate.swift in Sources */ = {isa = PBXBuildFile; fileRef = 700542622410DD0D003928CB /* AppDelegate.swift */; };
		700542652410DD0D003928CB /* SceneDelegate.swift in Sources */ = {isa = PBXBuildFile; fileRef = 700542642410DD0D003928CB /* SceneDelegate.swift */; };
		700542672410DD0D003928CB /* ContentView.swift in Sources */ = {isa = PBXBuildFile; fileRef = 700542662410DD0D003928CB /* ContentView.swift */; };
		700542692410DD0E003928CB /* Assets.xcassets in Resources */ = {isa = PBXBuildFile; fileRef = 700542682410DD0E003928CB /* Assets.xcassets */; };
		7005426C2410DD0E003928CB /* Preview Assets.xcassets in Resources */ = {isa = PBXBuildFile; fileRef = 7005426B2410DD0E003928CB /* Preview Assets.xcassets */; };
		7005426F2410DD0E003928CB /* LaunchScreen.storyboard in Resources */ = {isa = PBXBuildFile; fileRef = 7005426D2410DD0E003928CB /* LaunchScreen.storyboard */; };
		700542772410FC73003928CB /* SystemSoundsModel.swift in Sources */ = {isa = PBXBuildFile; fileRef = 700542762410FC73003928CB /* SystemSoundsModel.swift */; };
		700542792410FCB2003928CB /* Sound.swift in Sources */ = {isa = PBXBuildFile; fileRef = 700542782410FCB2003928CB /* Sound.swift */; };
		7005427B2410FCE2003928CB /* SoundLibrary.swift in Sources */ = {isa = PBXBuildFile; fileRef = 7005427A2410FCE2003928CB /* SoundLibrary.swift */; };
/* End PBXBuildFile section */

/* Begin PBXFileReference section */
		7005425F2410DD0D003928CB /* SystemSounds.app */ = {isa = PBXFileReference; explicitFileType = wrapper.application; includeInIndex = 0; path = SystemSounds.app; sourceTree = BUILT_PRODUCTS_DIR; };
		700542622410DD0D003928CB /* AppDelegate.swift */ = {isa = PBXFileReference; lastKnownFileType = sourcecode.swift; path = AppDelegate.swift; sourceTree = "<group>"; };
		700542642410DD0D003928CB /* SceneDelegate.swift */ = {isa = PBXFileReference; lastKnownFileType = sourcecode.swift; path = SceneDelegate.swift; sourceTree = "<group>"; };
		700542662410DD0D003928CB /* ContentView.swift */ = {isa = PBXFileReference; lastKnownFileType = sourcecode.swift; path = ContentView.swift; sourceTree = "<group>"; };
		700542682410DD0E003928CB /* Assets.xcassets */ = {isa = PBXFileReference; lastKnownFileType = folder.assetcatalog; path = Assets.xcassets; sourceTree = "<group>"; };
		7005426B2410DD0E003928CB /* Preview Assets.xcassets */ = {isa = PBXFileReference; lastKnownFileType = folder.assetcatalog; path = "Preview Assets.xcassets"; sourceTree = "<group>"; };
		7005426E2410DD0E003928CB /* Base */ = {isa = PBXFileReference; lastKnownFileType = file.storyboard; name = Base; path = Base.lproj/LaunchScreen.storyboard; sourceTree = "<group>"; };
		700542702410DD0E003928CB /* Info.plist */ = {isa = PBXFileReference; lastKnownFileType = text.plist.xml; path = Info.plist; sourceTree = "<group>"; };
		700542762410FC73003928CB /* SystemSoundsModel.swift */ = {isa = PBXFileReference; lastKnownFileType = sourcecode.swift; path = SystemSoundsModel.swift; sourceTree = "<group>"; };
		700542782410FCB2003928CB /* Sound.swift */ = {isa = PBXFileReference; lastKnownFileType = sourcecode.swift; path = Sound.swift; sourceTree = "<group>"; };
		7005427A2410FCE2003928CB /* SoundLibrary.swift */ = {isa = PBXFileReference; lastKnownFileType = sourcecode.swift; path = SoundLibrary.swift; sourceTree = "<group>"; };
/* End PBXFileReference section */

/* Begin PBXFrameworksBuildPhase section */
		7005425C2410DD0D003928CB /* Frameworks */ = {
			isa = PBXFrameworksBuildPhase;
			buildActionMask = 2147483647;
			files = (
			);
			runOnlyForDeploymentPostprocessing = 0;
		};
/* End PBXFrameworksBuildPhase section */

/* Begin PBXGroup section */
		700542562410DD0D003928CB = {
			isa = PBXGroup;
			children = (
				700542612410DD0D003928CB /* SystemSounds */,
				700542602410DD0D003928CB /* Products */,
			);
			sourceTree = "<group>";
		};
		700542602410DD0D003928CB /* Products */ = {
			isa = PBXGroup;
			children = (
				7005425F2410DD0D003928CB /* SystemSounds.app */,
			);
			name = Products;
			sourceTree = "<group>";
		};
		700542612410DD0D003928CB /* SystemSounds */ = {
			isa = PBXGroup;
			children = (
				700542622410DD0D003928CB /* AppDelegate.swift */,
				700542642410DD0D003928CB /* SceneDelegate.swift */,
				700542662410DD0D003928CB /* ContentView.swift */,
				700542782410FCB2003928CB /* Sound.swift */,
				700542762410FC73003928CB /* SystemSoundsModel.swift */,
				7005427A2410FCE2003928CB /* SoundLibrary.swift */,
				700542682410DD0E003928CB /* Assets.xcassets */,
				7005426D2410DD0E003928CB /* LaunchScreen.storyboard */,
				700542702410DD0E003928CB /* Info.plist */,
				7005426A2410DD0E003928CB /* Preview Content */,
			);
			path = SystemSounds;
			sourceTree = "<group>";
		};
		7005426A2410DD0E003928CB /* Preview Content */ = {
			isa = PBXGroup;
			children = (
				7005426B2410DD0E003928CB /* Preview Assets.xcassets */,
			);
			path = "Preview Content";
			sourceTree = "<group>";
		};
/* End PBXGroup section */

/* Begin PBXNativeTarget section */
		7005425E2410DD0D003928CB /* SystemSounds */ = {
			isa = PBXNativeTarget;
			buildConfigurationList = 700542732410DD0E003928CB /* Build configuration list for PBXNativeTarget "SystemSounds" */;
			buildPhases = (
				7005425B2410DD0D003928CB /* Sources */,
				7005425C2410DD0D003928CB /* Frameworks */,
				7005425D2410DD0D003928CB /* Resources */,
			);
			buildRules = (
			);
			dependencies = (
			);
			name = SystemSounds;
			productName = SystemSounds;
			productReference = 7005425F2410DD0D003928CB /* SystemSounds.app */;
			productType = "com.apple.product-type.application";
		};
/* End PBXNativeTarget section */

/* Begin PBXProject section */
		700542572410DD0D003928CB /* Project object */ = {
			isa = PBXProject;
			attributes = {
				LastSwiftUpdateCheck = 1130;
				LastUpgradeCheck = 1130;
				ORGANIZATIONNAME = "Christian Mittendorf";
				TargetAttributes = {
					7005425E2410DD0D003928CB = {
						CreatedOnToolsVersion = 11.3.1;
					};
				};
			};
			buildConfigurationList = 7005425A2410DD0D003928CB /* Build configuration list for PBXProject "SystemSounds" */;
			compatibilityVersion = "Xcode 9.3";
			developmentRegion = en;
			hasScannedForEncodings = 0;
			knownRegions = (
				en,
				Base,
			);
			mainGroup = 700542562410DD0D003928CB;
			productRefGroup = 700542602410DD0D003928CB /* Products */;
			projectDirPath = "";
			projectRoot = "";
			targets = (
				7005425E2410DD0D003928CB /* SystemSounds */,
			);
		};
/* End PBXProject section */

/* Begin PBXResourcesBuildPhase section */
		7005425D2410DD0D003928CB /* Resources */ = {
			isa = PBXResourcesBuildPhase;
			buildActionMask = 2147483647;
			files = (
				7005426F2410DD0E003928CB /* LaunchScreen.storyboard in Resources */,
				7005426C2410DD0E003928CB /* Preview Assets.xcassets in Resources */,
				700542692410DD0E003928CB /* Assets.xcassets in Resources */,
			);
			runOnlyForDeploymentPostprocessing = 0;
		};
/* End PBXResourcesBuildPhase section */

/* Begin PBXSourcesBuildPhase section */
		7005425B2410DD0D003928CB /* Sources */ = {
			isa = PBXSourcesBuildPhase;
			buildActionMask = 2147483647;
			files = (
				700542792410FCB2003928CB /* Sound.swift in Sources */,
				700542772410FC73003928CB /* SystemSoundsModel.swift in Sources */,
				700542632410DD0D003928CB /* AppDelegate.swift in Sources */,
				7005427B2410FCE2003928CB /* SoundLibrary.swift in Sources */,
				700542652410DD0D003928CB /* SceneDelegate.swift in Sources */,
				700542672410DD0D003928CB /* ContentView.swift in Sources */,
			);
			runOnlyForDeploymentPostprocessing = 0;
		};
/* End PBXSourcesBuildPhase section */

/* Begin PBXVariantGroup section */
		7005426D2410DD0E003928CB /* LaunchScreen.storyboard */ = {
			isa = PBXVariantGroup;
			children = (
				7005426E2410DD0E003928CB /* Base */,
			);
			name = LaunchScreen.storyboard;
			sourceTree = "<group>";
		};
/* End PBXVariantGroup section */

/* Begin XCBuildConfiguration section */
		700542712410DD0E003928CB /* Debug */ = {
			isa = XCBuildConfiguration;
			buildSettings = {
				ALWAYS_SEARCH_USER_PATHS = NO;
				CLANG_ANALYZER_NONNULL = YES;
				CLANG_ANALYZER_NUMBER_OBJECT_CONVERSION = YES_AGGRESSIVE;
				CLANG_CXX_LANGUAGE_STANDARD = "gnu++14";
				CLANG_CXX_LIBRARY = "libc++";
				CLANG_ENABLE_MODULES = YES;
				CLANG_ENABLE_OBJC_ARC = YES;
				CLANG_ENABLE_OBJC_WEAK = YES;
				CLANG_WARN_BLOCK_CAPTURE_AUTORELEASING = YES;
				CLANG_WARN_BOOL_CONVERSION = YES;
				CLANG_WARN_COMMA = YES;
				CLANG_WARN_CONSTANT_CONVERSION = YES;
				CLANG_WARN_DEPRECATED_OBJC_IMPLEMENTATIONS = YES;
				CLANG_WARN_DIRECT_OBJC_ISA_USAGE = YES_ERROR;
				CLANG_WARN_DOCUMENTATION_COMMENTS = YES;
				CLANG_WARN_EMPTY_BODY = YES;
				CLANG_WARN_ENUM_CONVERSION = YES;
				CLANG_WARN_INFINITE_RECURSION = YES;
				CLANG_WARN_INT_CONVERSION = YES;
				CLANG_WARN_NON_LITERAL_NULL_CONVERSION = YES;
				CLANG_WARN_OBJC_IMPLICIT_RETAIN_SELF = YES;
				CLANG_WARN_OBJC_LITERAL_CONVERSION = YES;
				CLANG_WARN_OBJC_ROOT_CLASS = YES_ERROR;
				CLANG_WARN_RANGE_LOOP_ANALYSIS = YES;
				CLANG_WARN_STRICT_PROTOTYPES = YES;
				CLANG_WARN_SUSPICIOUS_MOVE = YES;
				CLANG_WARN_UNGUARDED_AVAILABILITY = YES_AGGRESSIVE;
				CLANG_WARN_UNREACHABLE_CODE = YES;
				CLANG_WARN__DUPLICATE_METHOD_MATCH = YES;
				COPY_PHASE_STRIP = NO;
				DEBUG_INFORMATION_FORMAT = dwarf;
				ENABLE_STRICT_OBJC_MSGSEND = YES;
				ENABLE_TESTABILITY = YES;
				GCC_C_LANGUAGE_STANDARD = gnu11;
				GCC_DYNAMIC_NO_PIC = NO;
				GCC_NO_COMMON_BLOCKS = YES;
				GCC_OPTIMIZATION_LEVEL = 0;
				GCC_PREPROCESSOR_DEFINITIONS = (
					"DEBUG=1",
					"$(inherited)",
				);
				GCC_WARN_64_TO_32_BIT_CONVERSION = YES;
				GCC_WARN_ABOUT_RETURN_TYPE = YES_ERROR;
				GCC_WARN_UNDECLARED_SELECTOR = YES;
				GCC_WARN_UNINITIALIZED_AUTOS = YES_AGGRESSIVE;
				GCC_WARN_UNUSED_FUNCTION = YES;
				GCC_WARN_UNUSED_VARIABLE = YES;
				IPHONEOS_DEPLOYMENT_TARGET = 13.2;
				MTL_ENABLE_DEBUG_INFO = INCLUDE_SOURCE;
				MTL_FAST_MATH = YES;
				ONLY_ACTIVE_ARCH = YES;
				SDKROOT = iphoneos;
				SWIFT_ACTIVE_COMPILATION_CONDITIONS = DEBUG;
				SWIFT_OPTIMIZATION_LEVEL = "-Onone";
			};
			name = Debug;
		};
		700542722410DD0E003928CB /* Release */ = {
			isa = XCBuildConfiguration;
			buildSettings = {
				ALWAYS_SEARCH_USER_PATHS = NO;
				CLANG_ANALYZER_NONNULL = YES;
				CLANG_ANALYZER_NUMBER_OBJECT_CONVERSION = YES_AGGRESSIVE;
				CLANG_CXX_LANGUAGE_STANDARD = "gnu++14";
				CLANG_CXX_LIBRARY = "libc++";
				CLANG_ENABLE_MODULES = YES;
				CLANG_ENABLE_OBJC_ARC = YES;
				CLANG_ENABLE_OBJC_WEAK = YES;
				CLANG_WARN_BLOCK_CAPTURE_AUTORELEASING = YES;
				CLANG_WARN_BOOL_CONVERSION = YES;
				CLANG_WARN_COMMA = YES;
				CLANG_WARN_CONSTANT_CONVERSION = YES;
				CLANG_WARN_DEPRECATED_OBJC_IMPLEMENTATIONS = YES;
				CLANG_WARN_DIRECT_OBJC_ISA_USAGE = YES_ERROR;
				CLANG_WARN_DOCUMENTATION_COMMENTS = YES;
				CLANG_WARN_EMPTY_BODY = YES;
				CLANG_WARN_ENUM_CONVERSION = YES;
				CLANG_WARN_INFINITE_RECURSION = YES;
				CLANG_WARN_INT_CONVERSION = YES;
				CLANG_WARN_NON_LITERAL_NULL_CONVERSION = YES;
				CLANG_WARN_OBJC_IMPLICIT_RETAIN_SELF = YES;
				CLANG_WARN_OBJC_LITERAL_CONVERSION = YES;
				CLANG_WARN_OBJC_ROOT_CLASS = YES_ERROR;
				CLANG_WARN_RANGE_LOOP_ANALYSIS = YES;
				CLANG_WARN_STRICT_PROTOTYPES = YES;
				CLANG_WARN_SUSPICIOUS_MOVE = YES;
				CLANG_WARN_UNGUARDED_AVAILABILITY = YES_AGGRESSIVE;
				CLANG_WARN_UNREACHABLE_CODE = YES;
				CLANG_WARN__DUPLICATE_METHOD_MATCH = YES;
				COPY_PHASE_STRIP = NO;
				DEBUG_INFORMATION_FORMAT = "dwarf-with-dsym";
				ENABLE_NS_ASSERTIONS = NO;
				ENABLE_STRICT_OBJC_MSGSEND = YES;
				GCC_C_LANGUAGE_STANDARD = gnu11;
				GCC_NO_COMMON_BLOCKS = YES;
				GCC_WARN_64_TO_32_BIT_CONVERSION = YES;
				GCC_WARN_ABOUT_RETURN_TYPE = YES_ERROR;
				GCC_WARN_UNDECLARED_SELECTOR = YES;
				GCC_WARN_UNINITIALIZED_AUTOS = YES_AGGRESSIVE;
				GCC_WARN_UNUSED_FUNCTION = YES;
				GCC_WARN_UNUSED_VARIABLE = YES;
				IPHONEOS_DEPLOYMENT_TARGET = 13.2;
				MTL_ENABLE_DEBUG_INFO = NO;
				MTL_FAST_MATH = YES;
				SDKROOT = iphoneos;
				SWIFT_COMPILATION_MODE = wholemodule;
				SWIFT_OPTIMIZATION_LEVEL = "-O";
				VALIDATE_PRODUCT = YES;
			};
			name = Release;
		};
		700542742410DD0E003928CB /* Debug */ = {
			isa = XCBuildConfiguration;
			buildSettings = {
				ASSETCATALOG_COMPILER_APPICON_NAME = AppIcon;
				CODE_SIGN_STYLE = Automatic;
				DEVELOPMENT_ASSET_PATHS = "\"SystemSounds/Preview Content\"";
				DEVELOPMENT_TEAM = T2U84KCD4X;
				ENABLE_PREVIEWS = YES;
				INFOPLIST_FILE = SystemSounds/Info.plist;
				LD_RUNPATH_SEARCH_PATHS = (
					"$(inherited)",
					"@executable_path/Frameworks",
				);
				PRODUCT_BUNDLE_IDENTIFIER = de.cmittendorf.area51.SystemSounds;
				PRODUCT_NAME = "$(TARGET_NAME)";
				SWIFT_VERSION = 5.0;
				TARGETED_DEVICE_FAMILY = "1,2";
			};
			name = Debug;
		};
		700542752410DD0E003928CB /* Release */ = {
			isa = XCBuildConfiguration;
			buildSettings = {
				ASSETCATALOG_COMPILER_APPICON_NAME = AppIcon;
				CODE_SIGN_STYLE = Automatic;
				DEVELOPMENT_ASSET_PATHS = "\"SystemSounds/Preview Content\"";
				DEVELOPMENT_TEAM = T2U84KCD4X;
				ENABLE_PREVIEWS = YES;
				INFOPLIST_FILE = SystemSounds/Info.plist;
				LD_RUNPATH_SEARCH_PATHS = (
					"$(inherited)",
					"@executable_path/Frameworks",
				);
				PRODUCT_BUNDLE_IDENTIFIER = de.cmittendorf.area51.SystemSounds;
				PRODUCT_NAME = "$(TARGET_NAME)";
				SWIFT_VERSION = 5.0;
				TARGETED_DEVICE_FAMILY = "1,2";
			};
			name = Release;
		};
/* End XCBuildConfiguration section */

/* Begin XCConfigurationList section */
		7005425A2410DD0D003928CB /* Build configuration list for PBXProject "SystemSounds" */ = {
			isa = XCConfigurationList;
			buildConfigurations = (
				700542712410DD0E003928CB /* Debug */,
				700542722410DD0E003928CB /* Release */,
			);
			defaultConfigurationIsVisible = 0;
			defaultConfigurationName = Release;
		};
		700542732410DD0E003928CB /* Build configuration list for PBXNativeTarget "SystemSounds" */ = {
			isa = XCConfigurationList;
			buildConfigurations = (
				700542742410DD0E003928CB /* Debug */,
				700542752410DD0E003928CB /* Release */,
			);
			defaultConfigurationIsVisible = 0;
			defaultConfigurationName = Release;
		};
/* End XCConfigurationList section */
	};
	rootObject = 700542572410DD0D003928CB /* Project object */;
}
